// !$*UTF8*$!
{
	archiveVersion = 1;
	classes = {
	};
	objectVersion = 46;
	objects = {

/* Begin PBXBuildFile section */
		5C151F491EEF4A100072B175 /* DoTheThing.m in Sources */ = {isa = PBXBuildFile; fileRef = 5C151F481EEF4A100072B175 /* DoTheThing.m */; };
		5C7074591F045AFD001EA4B9 /* google.cer in Resources */ = {isa = PBXBuildFile; fileRef = 5C7074581F045AFD001EA4B9 /* google.cer */; };
		5CEEE10D1EEA0AA600F5B2B7 /* AppDelegate.swift in Sources */ = {isa = PBXBuildFile; fileRef = 5CEEE10C1EEA0AA600F5B2B7 /* AppDelegate.swift */; };
		5CEEE10F1EEA0AA600F5B2B7 /* Level1ViewController.swift in Sources */ = {isa = PBXBuildFile; fileRef = 5CEEE10E1EEA0AA600F5B2B7 /* Level1ViewController.swift */; };
		5CEEE1111EEA0AA600F5B2B7 /* Level2ViewController.swift in Sources */ = {isa = PBXBuildFile; fileRef = 5CEEE1101EEA0AA600F5B2B7 /* Level2ViewController.swift */; };
		5CEEE1141EEA0AA600F5B2B7 /* Main.storyboard in Resources */ = {isa = PBXBuildFile; fileRef = 5CEEE1121EEA0AA600F5B2B7 /* Main.storyboard */; };
		5CEEE1161EEA0AA600F5B2B7 /*  .xcassets in Resources */ = {isa = PBXBuildFile; fileRef = 5CEEE1151EEA0AA600F5B2B7 /*  .xcassets */; };
		5CEEE1191EEA0AA600F5B2B7 /* LaunchScreen.storyboard in Resources */ = {isa = PBXBuildFile; fileRef = 5CEEE1171EEA0AA600F5B2B7 /* LaunchScreen.storyboard */; };
		5CEEE1211EEA0C9300F5B2B7 /* Level3ViewController.swift in Sources */ = {isa = PBXBuildFile; fileRef = 5CEEE1201EEA0C9300F5B2B7 /* Level3ViewController.swift */; };
		5CEEE1231EEA0CCF00F5B2B7 /* Level4ViewController.swift in Sources */ = {isa = PBXBuildFile; fileRef = 5CEEE1221EEA0CCF00F5B2B7 /* Level4ViewController.swift */; };
		5CEEE12B1EEB64AD00F5B2B7 /* StringObfuscation.swift in Sources */ = {isa = PBXBuildFile; fileRef = 5CEEE12A1EEB64AD00F5B2B7 /* StringObfuscation.swift */; };
		A6F9BC75598E5D16DD88D99F /* Pods_IntroLevels.framework in Frameworks */ = {isa = PBXBuildFile; fileRef = 3BB4199A554E490C7D4914E7 /* Pods_IntroLevels.framework */; };
/* End PBXBuildFile section */

/* Begin PBXFileReference section */
		21E56199FA6A1A8D7A793EBB /* Pods-IntroLevels.release.xcconfig */ = {isa = PBXFileReference; includeInIndex = 1; lastKnownFileType = text.xcconfig; name = "Pods-IntroLevels.release.xcconfig"; path = "Pods/Target Support Files/Pods-IntroLevels/Pods-IntroLevels.release.xcconfig"; sourceTree = "<group>"; };
		3BB4199A554E490C7D4914E7 /* Pods_IntroLevels.framework */ = {isa = PBXFileReference; explicitFileType = wrapper.framework; includeInIndex = 0; path = Pods_IntroLevels.framework; sourceTree = BUILT_PRODUCTS_DIR; };
		5C151F481EEF4A100072B175 /* DoTheThing.m */ = {isa = PBXFileReference; fileEncoding = 4; lastKnownFileType = sourcecode.c.objc; path = DoTheThing.m; sourceTree = "<group>"; };
		5C7074581F045AFD001EA4B9 /* google.cer */ = {isa = PBXFileReference; lastKnownFileType = file; path = google.cer; sourceTree = "<group>"; };
		5CEEE1091EEA0AA600F5B2B7 /* IntroLevels.app */ = {isa = PBXFileReference; explicitFileType = wrapper.application; includeInIndex = 0; path = IntroLevels.app; sourceTree = BUILT_PRODUCTS_DIR; };
		5CEEE10C1EEA0AA600F5B2B7 /* AppDelegate.swift */ = {isa = PBXFileReference; lastKnownFileType = sourcecode.swift; path = AppDelegate.swift; sourceTree = "<group>"; };
		5CEEE10E1EEA0AA600F5B2B7 /* Level1ViewController.swift */ = {isa = PBXFileReference; lastKnownFileType = sourcecode.swift; path = Level1ViewController.swift; sourceTree = "<group>"; };
		5CEEE1101EEA0AA600F5B2B7 /* Level2ViewController.swift */ = {isa = PBXFileReference; lastKnownFileType = sourcecode.swift; path = Level2ViewController.swift; sourceTree = "<group>"; };
		5CEEE1131EEA0AA600F5B2B7 /* Base */ = {isa = PBXFileReference; lastKnownFileType = file.storyboard; name = Base; path = Base.lproj/Main.storyboard; sourceTree = "<group>"; };
		5CEEE1151EEA0AA600F5B2B7 /*  .xcassets */ = {isa = PBXFileReference; lastKnownFileType = folder.assetcatalog; path = " .xcassets"; sourceTree = "<group>"; };
		5CEEE1181EEA0AA600F5B2B7 /* Base */ = {isa = PBXFileReference; lastKnownFileType = file.storyboard; name = Base; path = Base.lproj/LaunchScreen.storyboard; sourceTree = "<group>"; };
		5CEEE11A1EEA0AA600F5B2B7 /* Info.plist */ = {isa = PBXFileReference; lastKnownFileType = text.plist.xml; path = Info.plist; sourceTree = "<group>"; };
		5CEEE1201EEA0C9300F5B2B7 /* Level3ViewController.swift */ = {isa = PBXFileReference; fileEncoding = 4; lastKnownFileType = sourcecode.swift; path = Level3ViewController.swift; sourceTree = "<group>"; };
		5CEEE1221EEA0CCF00F5B2B7 /* Level4ViewController.swift */ = {isa = PBXFileReference; fileEncoding = 4; lastKnownFileType = sourcecode.swift; path = Level4ViewController.swift; sourceTree = "<group>"; };
		5CEEE1291EEB3B7800F5B2B7 /* IntroLevels-Bridging-Header.h */ = {isa = PBXFileReference; fileEncoding = 4; lastKnownFileType = sourcecode.c.h; path = "IntroLevels-Bridging-Header.h"; sourceTree = "<group>"; };
		5CEEE12A1EEB64AD00F5B2B7 /* StringObfuscation.swift */ = {isa = PBXFileReference; fileEncoding = 4; lastKnownFileType = sourcecode.swift; path = StringObfuscation.swift; sourceTree = "<group>"; };
		7BDE2EE457B47833EE74E960 /* Pods-IntroLevels.debug.xcconfig */ = {isa = PBXFileReference; includeInIndex = 1; lastKnownFileType = text.xcconfig; name = "Pods-IntroLevels.debug.xcconfig"; path = "Pods/Target Support Files/Pods-IntroLevels/Pods-IntroLevels.debug.xcconfig"; sourceTree = "<group>"; };
/* End PBXFileReference section */

/* Begin PBXFrameworksBuildPhase section */
		5CEEE1061EEA0AA600F5B2B7 /* Frameworks */ = {
			isa = PBXFrameworksBuildPhase;
			buildActionMask = 2147483647;
			files = (
				A6F9BC75598E5D16DD88D99F /* Pods_IntroLevels.framework in Frameworks */,
			);
			runOnlyForDeploymentPostprocessing = 0;
		};
/* End PBXFrameworksBuildPhase section */

/* Begin PBXGroup section */
		29FE86702988DCC4B140B055 /* Frameworks */ = {
			isa = PBXGroup;
			children = (
				3BB4199A554E490C7D4914E7 /* Pods_IntroLevels.framework */,
			);
			name = Frameworks;
			sourceTree = "<group>";
		};
		39DA051406B02CD16840B53E /* Pods */ = {
			isa = PBXGroup;
			children = (
				7BDE2EE457B47833EE74E960 /* Pods-IntroLevels.debug.xcconfig */,
				21E56199FA6A1A8D7A793EBB /* Pods-IntroLevels.release.xcconfig */,
			);
			name = Pods;
			sourceTree = "<group>";
		};
		5CEEE1001EEA0AA600F5B2B7 = {
			isa = PBXGroup;
			children = (
				5CEEE10B1EEA0AA600F5B2B7 /* IntroLevels */,
				5CEEE10A1EEA0AA600F5B2B7 /* Products */,
				39DA051406B02CD16840B53E /* Pods */,
				29FE86702988DCC4B140B055 /* Frameworks */,
			);
			sourceTree = "<group>";
		};
		5CEEE10A1EEA0AA600F5B2B7 /* Products */ = {
			isa = PBXGroup;
			children = (
				5CEEE1091EEA0AA600F5B2B7 /* IntroLevels.app */,
			);
			name = Products;
			sourceTree = "<group>";
		};
		5CEEE10B1EEA0AA600F5B2B7 /* IntroLevels */ = {
			isa = PBXGroup;
			children = (
				5C7074581F045AFD001EA4B9 /* google.cer */,
				5CEEE1291EEB3B7800F5B2B7 /* IntroLevels-Bridging-Header.h */,
				5CEEE10C1EEA0AA600F5B2B7 /* AppDelegate.swift */,
				5CEEE10E1EEA0AA600F5B2B7 /* Level1ViewController.swift */,
				5CEEE1101EEA0AA600F5B2B7 /* Level2ViewController.swift */,
				5CEEE1201EEA0C9300F5B2B7 /* Level3ViewController.swift */,
				5CEEE1221EEA0CCF00F5B2B7 /* Level4ViewController.swift */,
				5CEEE1121EEA0AA600F5B2B7 /* Main.storyboard */,
				5CEEE1151EEA0AA600F5B2B7 /*  .xcassets */,
				5CEEE1171EEA0AA600F5B2B7 /* LaunchScreen.storyboard */,
				5CEEE11A1EEA0AA600F5B2B7 /* Info.plist */,
				5CEEE12A1EEB64AD00F5B2B7 /* StringObfuscation.swift */,
				5C151F481EEF4A100072B175 /* DoTheThing.m */,
			);
			path = IntroLevels;
			sourceTree = "<group>";
		};
/* End PBXGroup section */

/* Begin PBXNativeTarget section */
		5CEEE1081EEA0AA600F5B2B7 /* IntroLevels */ = {
			isa = PBXNativeTarget;
			buildConfigurationList = 5CEEE11D1EEA0AA600F5B2B7 /* Build configuration list for PBXNativeTarget "IntroLevels" */;
			buildPhases = (
				FDD78B85F5E3AEBFD2353BDC /* [CP] Check Pods Manifest.lock */,
				5CEEE1051EEA0AA600F5B2B7 /* Sources */,
				5CEEE1061EEA0AA600F5B2B7 /* Frameworks */,
				5CEEE1071EEA0AA600F5B2B7 /* Resources */,
				A888A22E504D6A1766249BE3 /* [CP] Embed Pods Frameworks */,
				6D2BFC6C62A6968C99055652 /* [CP] Copy Pods Resources */,
			);
			buildRules = (
			);
			dependencies = (
			);
			name = IntroLevels;
			productName = IntroLevels;
			productReference = 5CEEE1091EEA0AA600F5B2B7 /* IntroLevels.app */;
			productType = "com.apple.product-type.application";
		};
/* End PBXNativeTarget section */

/* Begin PBXProject section */
		5CEEE1011EEA0AA600F5B2B7 /* Project object */ = {
			isa = PBXProject;
			attributes = {
				LastSwiftUpdateCheck = 0830;
				LastUpgradeCheck = 0830;
				ORGANIZATIONNAME = Uber;
				TargetAttributes = {
					5CEEE1081EEA0AA600F5B2B7 = {
						CreatedOnToolsVersion = 8.3.1;
						DevelopmentTeam = GXTMGDAFNK;
						LastSwiftMigration = 0830;
						ProvisioningStyle = Automatic;
					};
				};
			};
			buildConfigurationList = 5CEEE1041EEA0AA600F5B2B7 /* Build configuration list for PBXProject "IntroLevels" */;
			compatibilityVersion = "Xcode 3.2";
			developmentRegion = English;
			hasScannedForEncodings = 0;
			knownRegions = (
				en,
				Base,
			);
			mainGroup = 5CEEE1001EEA0AA600F5B2B7;
			productRefGroup = 5CEEE10A1EEA0AA600F5B2B7 /* Products */;
			projectDirPath = "";
			projectRoot = "";
			targets = (
				5CEEE1081EEA0AA600F5B2B7 /* IntroLevels */,
			);
		};
/* End PBXProject section */

/* Begin PBXResourcesBuildPhase section */
		5CEEE1071EEA0AA600F5B2B7 /* Resources */ = {
			isa = PBXResourcesBuildPhase;
			buildActionMask = 2147483647;
			files = (
				5CEEE1191EEA0AA600F5B2B7 /* LaunchScreen.storyboard in Resources */,
				5CEEE1161EEA0AA600F5B2B7 /*  .xcassets in Resources */,
				5CEEE1141EEA0AA600F5B2B7 /* Main.storyboard in Resources */,
				5C7074591F045AFD001EA4B9 /* google.cer in Resources */,
			);
			runOnlyForDeploymentPostprocessing = 0;
		};
/* End PBXResourcesBuildPhase section */

/* Begin PBXShellScriptBuildPhase section */
		6D2BFC6C62A6968C99055652 /* [CP] Copy Pods Resources */ = {
			isa = PBXShellScriptBuildPhase;
			buildActionMask = 2147483647;
			files = (
			);
			inputPaths = (
			);
			name = "[CP] Copy Pods Resources";
			outputPaths = (
			);
			runOnlyForDeploymentPostprocessing = 0;
			shellPath = /bin/sh;
			shellScript = "\"${SRCROOT}/Pods/Target Support Files/Pods-IntroLevels/Pods-IntroLevels-resources.sh\"\n";
			showEnvVarsInLog = 0;
		};
		A888A22E504D6A1766249BE3 /* [CP] Embed Pods Frameworks */ = {
			isa = PBXShellScriptBuildPhase;
			buildActionMask = 2147483647;
			files = (
			);
			inputPaths = (
			);
			name = "[CP] Embed Pods Frameworks";
			outputPaths = (
			);
			runOnlyForDeploymentPostprocessing = 0;
			shellPath = /bin/sh;
			shellScript = "\"${SRCROOT}/Pods/Target Support Files/Pods-IntroLevels/Pods-IntroLevels-frameworks.sh\"\n";
			showEnvVarsInLog = 0;
		};
		FDD78B85F5E3AEBFD2353BDC /* [CP] Check Pods Manifest.lock */ = {
			isa = PBXShellScriptBuildPhase;
			buildActionMask = 2147483647;
			files = (
			);
			inputPaths = (
			);
			name = "[CP] Check Pods Manifest.lock";
			outputPaths = (
			);
			runOnlyForDeploymentPostprocessing = 0;
			shellPath = /bin/sh;
			shellScript = "diff \"${PODS_PODFILE_DIR_PATH}/Podfile.lock\" \"${PODS_ROOT}/Manifest.lock\" > /dev/null\nif [ $? != 0 ] ; then\n    # print error to STDERR\n    echo \"error: The sandbox is not in sync with the Podfile.lock. Run 'pod install' or update your CocoaPods installation.\" >&2\n    exit 1\nfi\n";
			showEnvVarsInLog = 0;
		};
/* End PBXShellScriptBuildPhase section */

/* Begin PBXSourcesBuildPhase section */
		5CEEE1051EEA0AA600F5B2B7 /* Sources */ = {
			isa = PBXSourcesBuildPhase;
			buildActionMask = 2147483647;
			files = (
				5CEEE1111EEA0AA600F5B2B7 /* Level2ViewController.swift in Sources */,
				5CEEE10D1EEA0AA600F5B2B7 /* AppDelegate.swift in Sources */,
				5CEEE10F1EEA0AA600F5B2B7 /* Level1ViewController.swift in Sources */,
				5C151F491EEF4A100072B175 /* DoTheThing.m in Sources */,
				5CEEE1211EEA0C9300F5B2B7 /* Level3ViewController.swift in Sources */,
				5CEEE12B1EEB64AD00F5B2B7 /* StringObfuscation.swift in Sources */,
				5CEEE1231EEA0CCF00F5B2B7 /* Level4ViewController.swift in Sources */,
			);
			runOnlyForDeploymentPostprocessing = 0;
		};
/* End PBXSourcesBuildPhase section */

/* Begin PBXVariantGroup section */
		5CEEE1121EEA0AA600F5B2B7 /* Main.storyboard */ = {
			isa = PBXVariantGroup;
			children = (
				5CEEE1131EEA0AA600F5B2B7 /* Base */,
			);
			name = Main.storyboard;
			sourceTree = "<group>";
		};
		5CEEE1171EEA0AA600F5B2B7 /* LaunchScreen.storyboard */ = {
			isa = PBXVariantGroup;
			children = (
				5CEEE1181EEA0AA600F5B2B7 /* Base */,
			);
			name = LaunchScreen.storyboard;
			sourceTree = "<group>";
		};
/* End PBXVariantGroup section */

/* Begin XCBuildConfiguration section */
		5CEEE11B1EEA0AA600F5B2B7 /* Debug */ = {
			isa = XCBuildConfiguration;
			buildSettings = {
				ALWAYS_SEARCH_USER_PATHS = NO;
				CLANG_ANALYZER_NONNULL = YES;
				CLANG_ANALYZER_NUMBER_OBJECT_CONVERSION = YES_AGGRESSIVE;
				CLANG_CXX_LANGUAGE_STANDARD = "gnu++0x";
				CLANG_CXX_LIBRARY = "libc++";
				CLANG_ENABLE_MODULES = YES;
				CLANG_ENABLE_OBJC_ARC = YES;
				CLANG_WARN_BOOL_CONVERSION = YES;
				CLANG_WARN_CONSTANT_CONVERSION = YES;
				CLANG_WARN_DIRECT_OBJC_ISA_USAGE = YES_ERROR;
				CLANG_WARN_DOCUMENTATION_COMMENTS = YES;
				CLANG_WARN_EMPTY_BODY = YES;
				CLANG_WARN_ENUM_CONVERSION = YES;
				CLANG_WARN_INFINITE_RECURSION = YES;
				CLANG_WARN_INT_CONVERSION = YES;
				CLANG_WARN_OBJC_ROOT_CLASS = YES_ERROR;
				CLANG_WARN_SUSPICIOUS_MOVE = YES;
				CLANG_WARN_UNREACHABLE_CODE = YES;
				CLANG_WARN__DUPLICATE_METHOD_MATCH = YES;
				"CODE_SIGN_IDENTITY[sdk=iphoneos*]" = "iPhone Developer";
				COPY_PHASE_STRIP = NO;
				DEBUG_INFORMATION_FORMAT = dwarf;
				ENABLE_STRICT_OBJC_MSGSEND = YES;
				ENABLE_TESTABILITY = YES;
				GCC_C_LANGUAGE_STANDARD = gnu99;
				GCC_DYNAMIC_NO_PIC = NO;
				GCC_NO_COMMON_BLOCKS = YES;
				GCC_OPTIMIZATION_LEVEL = 0;
				GCC_PREPROCESSOR_DEFINITIONS = (
					"DEBUG=1",
					"$(inherited)",
				);
				GCC_WARN_64_TO_32_BIT_CONVERSION = YES;
				GCC_WARN_ABOUT_RETURN_TYPE = YES_ERROR;
				GCC_WARN_UNDECLARED_SELECTOR = YES;
				GCC_WARN_UNINITIALIZED_AUTOS = YES_AGGRESSIVE;
				GCC_WARN_UNUSED_FUNCTION = YES;
				GCC_WARN_UNUSED_VARIABLE = YES;
				IPHONEOS_DEPLOYMENT_TARGET = 10.3;
				MTL_ENABLE_DEBUG_INFO = YES;
				ONLY_ACTIVE_ARCH = YES;
				SDKROOT = iphoneos;
				SWIFT_ACTIVE_COMPILATION_CONDITIONS = DEBUG;
				SWIFT_OPTIMIZATION_LEVEL = "-Onone";
				TARGETED_DEVICE_FAMILY = "1,2";
			};
			name = Debug;
		};
		5CEEE11C1EEA0AA600F5B2B7 /* Release */ = {
			isa = XCBuildConfiguration;
			buildSettings = {
				ALWAYS_SEARCH_USER_PATHS = NO;
				CLANG_ANALYZER_NONNULL = YES;
				CLANG_ANALYZER_NUMBER_OBJECT_CONVERSION = YES_AGGRESSIVE;
				CLANG_CXX_LANGUAGE_STANDARD = "gnu++0x";
				CLANG_CXX_LIBRARY = "libc++";
				CLANG_ENABLE_MODULES = YES;
				CLANG_ENABLE_OBJC_ARC = YES;
				CLANG_WARN_BOOL_CONVERSION = YES;
				CLANG_WARN_CONSTANT_CONVERSION = YES;
				CLANG_WARN_DIRECT_OBJC_ISA_USAGE = YES_ERROR;
				CLANG_WARN_DOCUMENTATION_COMMENTS = YES;
				CLANG_WARN_EMPTY_BODY = YES;
				CLANG_WARN_ENUM_CONVERSION = YES;
				CLANG_WARN_INFINITE_RECURSION = YES;
				CLANG_WARN_INT_CONVERSION = YES;
				CLANG_WARN_OBJC_ROOT_CLASS = YES_ERROR;
				CLANG_WARN_SUSPICIOUS_MOVE = YES;
				CLANG_WARN_UNREACHABLE_CODE = YES;
				CLANG_WARN__DUPLICATE_METHOD_MATCH = YES;
				"CODE_SIGN_IDENTITY[sdk=iphoneos*]" = "iPhone Developer";
				COPY_PHASE_STRIP = NO;
				DEBUG_INFORMATION_FORMAT = "dwarf-with-dsym";
				ENABLE_NS_ASSERTIONS = NO;
				ENABLE_STRICT_OBJC_MSGSEND = YES;
				GCC_C_LANGUAGE_STANDARD = gnu99;
				GCC_NO_COMMON_BLOCKS = YES;
				GCC_WARN_64_TO_32_BIT_CONVERSION = YES;
				GCC_WARN_ABOUT_RETURN_TYPE = YES_ERROR;
				GCC_WARN_UNDECLARED_SELECTOR = YES;
				GCC_WARN_UNINITIALIZED_AUTOS = YES_AGGRESSIVE;
				GCC_WARN_UNUSED_FUNCTION = YES;
				GCC_WARN_UNUSED_VARIABLE = YES;
				IPHONEOS_DEPLOYMENT_TARGET = 10.3;
				MTL_ENABLE_DEBUG_INFO = NO;
				SDKROOT = iphoneos;
				SWIFT_OPTIMIZATION_LEVEL = "-Owholemodule";
				TARGETED_DEVICE_FAMILY = "1,2";
				VALIDATE_PRODUCT = YES;
			};
			name = Release;
		};
		5CEEE11E1EEA0AA600F5B2B7 /* Debug */ = {
			isa = XCBuildConfiguration;
			baseConfigurationReference = 7BDE2EE457B47833EE74E960 /* Pods-IntroLevels.debug.xcconfig */;
			buildSettings = {
				ASSETCATALOG_COMPILER_APPICON_NAME = AppIcon;
				CLANG_ENABLE_MODULES = YES;
				DEVELOPMENT_TEAM = GXTMGDAFNK;
				INFOPLIST_FILE = IntroLevels/Info.plist;
				IPHONEOS_DEPLOYMENT_TARGET = 9.3;
				LD_RUNPATH_SEARCH_PATHS = "$(inherited) @executable_path/Frameworks";
				PRODUCT_BUNDLE_IDENTIFIER = com.h1702.ctf.IntroLevels;
				PRODUCT_NAME = "$(TARGET_NAME)";
				SWIFT_OBJC_BRIDGING_HEADER = "IntroLevels/IntroLevels-Bridging-Header.h";
				SWIFT_OPTIMIZATION_LEVEL = "-Onone";
				SWIFT_VERSION = 3.0;
			};
			name = Debug;
		};
		5CEEE11F1EEA0AA600F5B2B7 /* Release */ = {
			isa = XCBuildConfiguration;
			baseConfigurationReference = 21E56199FA6A1A8D7A793EBB /* Pods-IntroLevels.release.xcconfig */;
			buildSettings = {
				ASSETCATALOG_COMPILER_APPICON_NAME = AppIcon;
				CLANG_ENABLE_MODULES = YES;
				DEVELOPMENT_TEAM = GXTMGDAFNK;
				INFOPLIST_FILE = IntroLevels/Info.plist;
				IPHONEOS_DEPLOYMENT_TARGET = 9.3;
				LD_RUNPATH_SEARCH_PATHS = "$(inherited) @executable_path/Frameworks";
				PRODUCT_BUNDLE_IDENTIFIER = com.h1702.ctf.IntroLevels;
				PRODUCT_NAME = "$(TARGET_NAME)";
				SWIFT_OBJC_BRIDGING_HEADER = "IntroLevels/IntroLevels-Bridging-Header.h";
				SWIFT_VERSION = 3.0;
			};
			name = Release;
		};
/* End XCBuildConfiguration section */

/* Begin XCConfigurationList section */
		5CEEE1041EEA0AA600F5B2B7 /* Build configuration list for PBXProject "IntroLevels" */ = {
			isa = XCConfigurationList;
			buildConfigurations = (
				5CEEE11B1EEA0AA600F5B2B7 /* Debug */,
				5CEEE11C1EEA0AA600F5B2B7 /* Release */,
			);
			defaultConfigurationIsVisible = 0;
			defaultConfigurationName = Release;
		};
		5CEEE11D1EEA0AA600F5B2B7 /* Build configuration list for PBXNativeTarget "IntroLevels" */ = {
			isa = XCConfigurationList;
			buildConfigurations = (
				5CEEE11E1EEA0AA600F5B2B7 /* Debug */,
				5CEEE11F1EEA0AA600F5B2B7 /* Release */,
			);
			defaultConfigurationIsVisible = 0;
			defaultConfigurationName = Release;
		};
/* End XCConfigurationList section */
	};
	rootObject = 5CEEE1011EEA0AA600F5B2B7 /* Project object */;
}
